// !$*UTF8*$!
{
	archiveVersion = 1;
	classes = {
	};
	objectVersion = 50;
	objects = {

/* Begin PBXBuildFile section */
		9768EF61269DC99B0016C96A /* AppDelegate.swift in Sources */ = {isa = PBXBuildFile; fileRef = 9768EF60269DC99B0016C96A /* AppDelegate.swift */; };
		9768EF63269DC99B0016C96A /* SceneDelegate.swift in Sources */ = {isa = PBXBuildFile; fileRef = 9768EF62269DC99B0016C96A /* SceneDelegate.swift */; };
		9768EF65269DC99B0016C96A /* ViewController.swift in Sources */ = {isa = PBXBuildFile; fileRef = 9768EF64269DC99B0016C96A /* ViewController.swift */; };
		9768EF68269DC99B0016C96A /* Main.storyboard in Resources */ = {isa = PBXBuildFile; fileRef = 9768EF66269DC99B0016C96A /* Main.storyboard */; };
		9768EF6A269DC99B0016C96A /* Assets.xcassets in Resources */ = {isa = PBXBuildFile; fileRef = 9768EF69269DC99B0016C96A /* Assets.xcassets */; };
		9768EF6D269DC99B0016C96A /* LaunchScreen.storyboard in Resources */ = {isa = PBXBuildFile; fileRef = 9768EF6B269DC99B0016C96A /* LaunchScreen.storyboard */; };
/* End PBXBuildFile section */

/* Begin PBXFileReference section */
		9768EF5D269DC99B0016C96A /* TableViewPersonInfApp.app */ = {isa = PBXFileReference; explicitFileType = wrapper.application; includeInIndex = 0; path = TableViewPersonInfApp.app; sourceTree = BUILT_PRODUCTS_DIR; };
		9768EF60269DC99B0016C96A /* AppDelegate.swift */ = {isa = PBXFileReference; lastKnownFileType = sourcecode.swift; path = AppDelegate.swift; sourceTree = "<group>"; };
		9768EF62269DC99B0016C96A /* SceneDelegate.swift */ = {isa = PBXFileReference; lastKnownFileType = sourcecode.swift; path = SceneDelegate.swift; sourceTree = "<group>"; };
		9768EF64269DC99B0016C96A /* ViewController.swift */ = {isa = PBXFileReference; lastKnownFileType = sourcecode.swift; path = ViewController.swift; sourceTree = "<group>"; };
		9768EF67269DC99B0016C96A /* Base */ = {isa = PBXFileReference; lastKnownFileType = file.storyboard; name = Base; path = Base.lproj/Main.storyboard; sourceTree = "<group>"; };
		9768EF69269DC99B0016C96A /* Assets.xcassets */ = {isa = PBXFileReference; lastKnownFileType = folder.assetcatalog; path = Assets.xcassets; sourceTree = "<group>"; };
		9768EF6C269DC99B0016C96A /* Base */ = {isa = PBXFileReference; lastKnownFileType = file.storyboard; name = Base; path = Base.lproj/LaunchScreen.storyboard; sourceTree = "<group>"; };
		9768EF6E269DC99B0016C96A /* Info.plist */ = {isa = PBXFileReference; lastKnownFileType = text.plist.xml; path = Info.plist; sourceTree = "<group>"; };
/* End PBXFileReference section */

/* Begin PBXFrameworksBuildPhase section */
		9768EF5A269DC99B0016C96A /* Frameworks */ = {
			isa = PBXFrameworksBuildPhase;
			buildActionMask = 2147483647;
			files = (
			);
			runOnlyForDeploymentPostprocessing = 0;
		};
/* End PBXFrameworksBuildPhase section */

/* Begin PBXGroup section */
		9768EF54269DC99B0016C96A = {
			isa = PBXGroup;
			children = (
				9768EF5F269DC99B0016C96A /* TableViewPersonInfApp */,
				9768EF5E269DC99B0016C96A /* Products */,
			);
			sourceTree = "<group>";
		};
		9768EF5E269DC99B0016C96A /* Products */ = {
			isa = PBXGroup;
			children = (
				9768EF5D269DC99B0016C96A /* TableViewPersonInfApp.app */,
			);
			name = Products;
			sourceTree = "<group>";
		};
		9768EF5F269DC99B0016C96A /* TableViewPersonInfApp */ = {
			isa = PBXGroup;
			children = (
				9768EF60269DC99B0016C96A /* AppDelegate.swift */,
				9768EF62269DC99B0016C96A /* SceneDelegate.swift */,
				9768EF64269DC99B0016C96A /* ViewController.swift */,
				9768EF66269DC99B0016C96A /* Main.storyboard */,
				9768EF69269DC99B0016C96A /* Assets.xcassets */,
				9768EF6B269DC99B0016C96A /* LaunchScreen.storyboard */,
				9768EF6E269DC99B0016C96A /* Info.plist */,
			);
			path = TableViewPersonInfApp;
			sourceTree = "<group>";
		};
/* End PBXGroup section */

/* Begin PBXNativeTarget section */
		9768EF5C269DC99B0016C96A /* TableViewPersonInfApp */ = {
			isa = PBXNativeTarget;
			buildConfigurationList = 9768EF71269DC99B0016C96A /* Build configuration list for PBXNativeTarget "TableViewPersonInfApp" */;
			buildPhases = (
				9768EF59269DC99B0016C96A /* Sources */,
				9768EF5A269DC99B0016C96A /* Frameworks */,
				9768EF5B269DC99B0016C96A /* Resources */,
			);
			buildRules = (
			);
			dependencies = (
			);
			name = TableViewPersonInfApp;
			productName = TableViewPersonInfApp;
			productReference = 9768EF5D269DC99B0016C96A /* TableViewPersonInfApp.app */;
			productType = "com.apple.product-type.application";
		};
/* End PBXNativeTarget section */

/* Begin PBXProject section */
		9768EF55269DC99B0016C96A /* Project object */ = {
			isa = PBXProject;
			attributes = {
				LastSwiftUpdateCheck = 1250;
				LastUpgradeCheck = 1250;
				TargetAttributes = {
					9768EF5C269DC99B0016C96A = {
						CreatedOnToolsVersion = 12.5.1;
					};
				};
			};
			buildConfigurationList = 9768EF58269DC99B0016C96A /* Build configuration list for PBXProject "TableViewPersonInfApp" */;
			compatibilityVersion = "Xcode 9.3";
			developmentRegion = en;
			hasScannedForEncodings = 0;
			knownRegions = (
				en,
				Base,
			);
			mainGroup = 9768EF54269DC99B0016C96A;
			productRefGroup = 9768EF5E269DC99B0016C96A /* Products */;
			projectDirPath = "";
			projectRoot = "";
			targets = (
				9768EF5C269DC99B0016C96A /* TableViewPersonInfApp */,
			);
		};
/* End PBXProject section */

/* Begin PBXResourcesBuildPhase section */
		9768EF5B269DC99B0016C96A /* Resources */ = {
			isa = PBXResourcesBuildPhase;
			buildActionMask = 2147483647;
			files = (
				9768EF6D269DC99B0016C96A /* LaunchScreen.storyboard in Resources */,
				9768EF6A269DC99B0016C96A /* Assets.xcassets in Resources */,
				9768EF68269DC99B0016C96A /* Main.storyboard in Resources */,
			);
			runOnlyForDeploymentPostprocessing = 0;
		};
/* End PBXResourcesBuildPhase section */

/* Begin PBXSourcesBuildPhase section */
		9768EF59269DC99B0016C96A /* Sources */ = {
			isa = PBXSourcesBuildPhase;
			buildActionMask = 2147483647;
			files = (
				9768EF65269DC99B0016C96A /* ViewController.swift in Sources */,
				9768EF61269DC99B0016C96A /* AppDelegate.swift in Sources */,
				9768EF63269DC99B0016C96A /* SceneDelegate.swift in Sources */,
			);
			runOnlyForDeploymentPostprocessing = 0;
		};
/* End PBXSourcesBuildPhase section */

/* Begin PBXVariantGroup section */
		9768EF66269DC99B0016C96A /* Main.storyboard */ = {
			isa = PBXVariantGroup;
			children = (
				9768EF67269DC99B0016C96A /* Base */,
			);
			name = Main.storyboard;
			sourceTree = "<group>";
		};
		9768EF6B269DC99B0016C96A /* LaunchScreen.storyboard */ = {
			isa = PBXVariantGroup;
			children = (
				9768EF6C269DC99B0016C96A /* Base */,
			);
			name = LaunchScreen.storyboard;
			sourceTree = "<group>";
		};
/* End PBXVariantGroup section */

/* Begin XCBuildConfiguration section */
		9768EF6F269DC99B0016C96A /* Debug */ = {
			isa = XCBuildConfiguration;
			buildSettings = {
				ALWAYS_SEARCH_USER_PATHS = NO;
				CLANG_ANALYZER_NONNULL = YES;
				CLANG_ANALYZER_NUMBER_OBJECT_CONVERSION = YES_AGGRESSIVE;
				CLANG_CXX_LANGUAGE_STANDARD = "gnu++14";
				CLANG_CXX_LIBRARY = "libc++";
				CLANG_ENABLE_MODULES = YES;
				CLANG_ENABLE_OBJC_ARC = YES;
				CLANG_ENABLE_OBJC_WEAK = YES;
				CLANG_WARN_BLOCK_CAPTURE_AUTORELEASING = YES;
				CLANG_WARN_BOOL_CONVERSION = YES;
				CLANG_WARN_COMMA = YES;
				CLANG_WARN_CONSTANT_CONVERSION = YES;
				CLANG_WARN_DEPRECATED_OBJC_IMPLEMENTATIONS = YES;
				CLANG_WARN_DIRECT_OBJC_ISA_USAGE = YES_ERROR;
				CLANG_WARN_DOCUMENTATION_COMMENTS = YES;
				CLANG_WARN_EMPTY_BODY = YES;
				CLANG_WARN_ENUM_CONVERSION = YES;
				CLANG_WARN_INFINITE_RECURSION = YES;
				CLANG_WARN_INT_CONVERSION = YES;
				CLANG_WARN_NON_LITERAL_NULL_CONVERSION = YES;
				CLANG_WARN_OBJC_IMPLICIT_RETAIN_SELF = YES;
				CLANG_WARN_OBJC_LITERAL_CONVERSION = YES;
				CLANG_WARN_OBJC_ROOT_CLASS = YES_ERROR;
				CLANG_WARN_QUOTED_INCLUDE_IN_FRAMEWORK_HEADER = YES;
				CLANG_WARN_RANGE_LOOP_ANALYSIS = YES;
				CLANG_WARN_STRICT_PROTOTYPES = YES;
				CLANG_WARN_SUSPICIOUS_MOVE = YES;
				CLANG_WARN_UNGUARDED_AVAILABILITY = YES_AGGRESSIVE;
				CLANG_WARN_UNREACHABLE_CODE = YES;
				CLANG_WARN__DUPLICATE_METHOD_MATCH = YES;
				COPY_PHASE_STRIP = NO;
				DEBUG_INFORMATION_FORMAT = dwarf;
				ENABLE_STRICT_OBJC_MSGSEND = YES;
				ENABLE_TESTABILITY = YES;
				GCC_C_LANGUAGE_STANDARD = gnu11;
				GCC_DYNAMIC_NO_PIC = NO;
				GCC_NO_COMMON_BLOCKS = YES;
				GCC_OPTIMIZATION_LEVEL = 0;
				GCC_PREPROCESSOR_DEFINITIONS = (
					"DEBUG=1",
					"$(inherited)",
				);
				GCC_WARN_64_TO_32_BIT_CONVERSION = YES;
				GCC_WARN_ABOUT_RETURN_TYPE = YES_ERROR;
				GCC_WARN_UNDECLARED_SELECTOR = YES;
				GCC_WARN_UNINITIALIZED_AUTOS = YES_AGGRESSIVE;
				GCC_WARN_UNUSED_FUNCTION = YES;
				GCC_WARN_UNUSED_VARIABLE = YES;
				IPHONEOS_DEPLOYMENT_TARGET = 14.5;
				MTL_ENABLE_DEBUG_INFO = INCLUDE_SOURCE;
				MTL_FAST_MATH = YES;
				ONLY_ACTIVE_ARCH = YES;
				SDKROOT = iphoneos;
				SWIFT_ACTIVE_COMPILATION_CONDITIONS = DEBUG;
				SWIFT_OPTIMIZATION_LEVEL = "-Onone";
			};
			name = Debug;
		};
		9768EF70269DC99B0016C96A /* Release */ = {
			isa = XCBuildConfiguration;
			buildSettings = {
				ALWAYS_SEARCH_USER_PATHS = NO;
				CLANG_ANALYZER_NONNULL = YES;
				CLANG_ANALYZER_NUMBER_OBJECT_CONVERSION = YES_AGGRESSIVE;
				CLANG_CXX_LANGUAGE_STANDARD = "gnu++14";
				CLANG_CXX_LIBRARY = "libc++";
				CLANG_ENABLE_MODULES = YES;
				CLANG_ENABLE_OBJC_ARC = YES;
				CLANG_ENABLE_OBJC_WEAK = YES;
				CLANG_WARN_BLOCK_CAPTURE_AUTORELEASING = YES;
				CLANG_WARN_BOOL_CONVERSION = YES;
				CLANG_WARN_COMMA = YES;
				CLANG_WARN_CONSTANT_CONVERSION = YES;
				CLANG_WARN_DEPRECATED_OBJC_IMPLEMENTATIONS = YES;
				CLANG_WARN_DIRECT_OBJC_ISA_USAGE = YES_ERROR;
				CLANG_WARN_DOCUMENTATION_COMMENTS = YES;
				CLANG_WARN_EMPTY_BODY = YES;
				CLANG_WARN_ENUM_CONVERSION = YES;
				CLANG_WARN_INFINITE_RECURSION = YES;
				CLANG_WARN_INT_CONVERSION = YES;
				CLANG_WARN_NON_LITERAL_NULL_CONVERSION = YES;
				CLANG_WARN_OBJC_IMPLICIT_RETAIN_SELF = YES;
				CLANG_WARN_OBJC_LITERAL_CONVERSION = YES;
				CLANG_WARN_OBJC_ROOT_CLASS = YES_ERROR;
				CLANG_WARN_QUOTED_INCLUDE_IN_FRAMEWORK_HEADER = YES;
				CLANG_WARN_RANGE_LOOP_ANALYSIS = YES;
				CLANG_WARN_STRICT_PROTOTYPES = YES;
				CLANG_WARN_SUSPICIOUS_MOVE = YES;
				CLANG_WARN_UNGUARDED_AVAILABILITY = YES_AGGRESSIVE;
				CLANG_WARN_UNREACHABLE_CODE = YES;
				CLANG_WARN__DUPLICATE_METHOD_MATCH = YES;
				COPY_PHASE_STRIP = NO;
				DEBUG_INFORMATION_FORMAT = "dwarf-with-dsym";
				ENABLE_NS_ASSERTIONS = NO;
				ENABLE_STRICT_OBJC_MSGSEND = YES;
				GCC_C_LANGUAGE_STANDARD = gnu11;
				GCC_NO_COMMON_BLOCKS = YES;
				GCC_WARN_64_TO_32_BIT_CONVERSION = YES;
				GCC_WARN_ABOUT_RETURN_TYPE = YES_ERROR;
				GCC_WARN_UNDECLARED_SELECTOR = YES;
				GCC_WARN_UNINITIALIZED_AUTOS = YES_AGGRESSIVE;
				GCC_WARN_UNUSED_FUNCTION = YES;
				GCC_WARN_UNUSED_VARIABLE = YES;
				IPHONEOS_DEPLOYMENT_TARGET = 14.5;
				MTL_ENABLE_DEBUG_INFO = NO;
				MTL_FAST_MATH = YES;
				SDKROOT = iphoneos;
				SWIFT_COMPILATION_MODE = wholemodule;
				SWIFT_OPTIMIZATION_LEVEL = "-O";
				VALIDATE_PRODUCT = YES;
			};
			name = Release;
		};
		9768EF72269DC99B0016C96A /* Debug */ = {
			isa = XCBuildConfiguration;
			buildSettings = {
				ASSETCATALOG_COMPILER_APPICON_NAME = AppIcon;
				ASSETCATALOG_COMPILER_GLOBAL_ACCENT_COLOR_NAME = AccentColor;
				CODE_SIGN_STYLE = Automatic;
				DEVELOPMENT_TEAM = A3U43FT35S;
				INFOPLIST_FILE = TableViewPersonInfApp/Info.plist;
				LD_RUNPATH_SEARCH_PATHS = (
					"$(inherited)",
					"@executable_path/Frameworks",
				);
				PRODUCT_BUNDLE_IDENTIFIER = TableView1.TableViewPersonInfApp;
				PRODUCT_NAME = "$(TARGET_NAME)";
				SWIFT_VERSION = 5.0;
				TARGETED_DEVICE_FAMILY = "1,2";
			};
			name = Debug;
		};
		9768EF73269DC99B0016C96A /* Release */ = {
			isa = XCBuildConfiguration;
			buildSettings = {
				ASSETCATALOG_COMPILER_APPICON_NAME = AppIcon;
				ASSETCATALOG_COMPILER_GLOBAL_ACCENT_COLOR_NAME = AccentColor;
				CODE_SIGN_STYLE = Automatic;
				DEVELOPMENT_TEAM = A3U43FT35S;
				INFOPLIST_FILE = TableViewPersonInfApp/Info.plist;
				LD_RUNPATH_SEARCH_PATHS = (
					"$(inherited)",
					"@executable_path/Frameworks",
				);
				PRODUCT_BUNDLE_IDENTIFIER = TableView1.TableViewPersonInfApp;
				PRODUCT_NAME = "$(TARGET_NAME)";
				SWIFT_VERSION = 5.0;
				TARGETED_DEVICE_FAMILY = "1,2";
			};
			name = Release;
		};
/* End XCBuildConfiguration section */

/* Begin XCConfigurationList section */
		9768EF58269DC99B0016C96A /* Build configuration list for PBXProject "TableViewPersonInfApp" */ = {
			isa = XCConfigurationList;
			buildConfigurations = (
				9768EF6F269DC99B0016C96A /* Debug */,
				9768EF70269DC99B0016C96A /* Release */,
			);
			defaultConfigurationIsVisible = 0;
			defaultConfigurationName = Release;
		};
		9768EF71269DC99B0016C96A /* Build configuration list for PBXNativeTarget "TableViewPersonInfApp" */ = {
			isa = XCConfigurationList;
			buildConfigurations = (
				9768EF72269DC99B0016C96A /* Debug */,
				9768EF73269DC99B0016C96A /* Release */,
			);
			defaultConfigurationIsVisible = 0;
			defaultConfigurationName = Release;
		};
/* End XCConfigurationList section */
	};
	rootObject = 9768EF55269DC99B0016C96A /* Project object */;
}
